
Microsoft Visual Studio Solution File, Format Version 12.00
# Visual Studio Version 16
VisualStudioVersion = 16.0.31105.61
MinimumVisualStudioVersion = 10.0.40219.1
Project("{FAE04EC0-301F-11D3-BF4B-00C04F79EFBC}") = "Lab7", "WindowsFormsApplication12\Lab7.csproj", "{6AC99037-6CFC-4EA9-ADE8-88FDA73FD0BA}"
EndProject
Global
	GlobalSection(SolutionConfigurationPlatforms) = preSolution
		Debug|Any CPU = Debug|Any CPU
		Release|Any CPU = Release|Any CPU
	EndGlobalSection
	GlobalSection(ProjectConfigurationPlatforms) = postSolution
		{6AC99037-6CFC-4EA9-ADE8-88FDA73FD0BA}.Debug|Any CPU.ActiveCfg = Debug|Any CPU
		{6AC99037-6CFC-4EA9-ADE8-88FDA73FD0BA}.Debug|Any CPU.Build.0 = Debug|Any CPU
		{6AC99037-6CFC-4EA9-ADE8-88FDA73FD0BA}.Release|Any CPU.ActiveCfg = Release|Any CPU
		{6AC99037-6CFC-4EA9-ADE8-88FDA73FD0BA}.Release|Any CPU.Build.0 = Release|Any CPU
	EndGlobalSection
	GlobalSection(SolutionProperties) = preSolution
		HideSolutionNode = FALSE
	EndGlobalSection
	GlobalSection(ExtensibilityGlobals) = postSolution
		SolutionGuid = {9316A473-DB47-4FE5-9DC6-90D4BA4756B4}
	EndGlobalSection
EndGlobal
